
Microsoft Visual Studio Solution File, Format Version 12.00
# Visual Studio Version 16
VisualStudioVersion = 16.0.31112.23
MinimumVisualStudioVersion = 10.0.40219.1
Project("{8BC9CEB8-8B4A-11D0-8D11-00A0C91BC942}") = "CudaSort", "CudaSort\CudaSort.vcxproj", "{0FA82B75-BDD2-4389-BCAA-0F72B37296C7}"
EndProject
Global
	GlobalSection(SolutionConfigurationPlatforms) = preSolution
		Debug|x64 = Debug|x64
		Release|x64 = Release|x64
	EndGlobalSection
	GlobalSection(ProjectConfigurationPlatforms) = postSolution
		{0FA82B75-BDD2-4389-BCAA-0F72B37296C7}.Debug|x64.ActiveCfg = Debug|x64
		{0FA82B75-BDD2-4389-BCAA-0F72B37296C7}.Debug|x64.Build.0 = Debug|x64
		{0FA82B75-BDD2-4389-BCAA-0F72B37296C7}.Release|x64.ActiveCfg = Release|x64
		{0FA82B75-BDD2-4389-BCAA-0F72B37296C7}.Release|x64.Build.0 = Release|x64
	EndGlobalSection
	GlobalSection(SolutionProperties) = preSolution
		HideSolutionNode = FALSE
	EndGlobalSection
	GlobalSection(ExtensibilityGlobals) = postSolution
		SolutionGuid = {D6F4172A-417A-4D89-A36F-8E9393DF66D3}
	EndGlobalSection
EndGlobal
